// !$*UTF8*$!
{
	archiveVersion = 1;
	classes = {
	};
	objectVersion = 50;
	objects = {

/* Begin PBXBuildFile section */
		623AA745265A0F690014AC9B /* ScrumdingerApp.swift in Sources */ = {isa = PBXBuildFile; fileRef = 623AA744265A0F690014AC9B /* ScrumdingerApp.swift */; };
		623AA747265A0F690014AC9B /* MeetingView.swift in Sources */ = {isa = PBXBuildFile; fileRef = 623AA746265A0F690014AC9B /* MeetingView.swift */; };
		623AA749265A0F6A0014AC9B /* Assets.xcassets in Resources */ = {isa = PBXBuildFile; fileRef = 623AA748265A0F6A0014AC9B /* Assets.xcassets */; };
		623AA74C265A0F6A0014AC9B /* Preview Assets.xcassets in Resources */ = {isa = PBXBuildFile; fileRef = 623AA74B265A0F6A0014AC9B /* Preview Assets.xcassets */; };
		623AA755265A1A660014AC9B /* DailyScrum.swift in Sources */ = {isa = PBXBuildFile; fileRef = 623AA754265A1A660014AC9B /* DailyScrum.swift */; };
		623AA757265A1AF70014AC9B /* CardView.swift in Sources */ = {isa = PBXBuildFile; fileRef = 623AA756265A1AF70014AC9B /* CardView.swift */; };
		623AA759265AAFFE0014AC9B /* ScrumsView.swift in Sources */ = {isa = PBXBuildFile; fileRef = 623AA758265AAFFE0014AC9B /* ScrumsView.swift */; };
		623AA75B265AB3440014AC9B /* Color+Codable.swift in Sources */ = {isa = PBXBuildFile; fileRef = 623AA75A265AB3440014AC9B /* Color+Codable.swift */; };
		623AA75D265AE7320014AC9B /* DetailView.swift in Sources */ = {isa = PBXBuildFile; fileRef = 623AA75C265AE7320014AC9B /* DetailView.swift */; };
		623AA760265B64580014AC9B /* EditView.swift in Sources */ = {isa = PBXBuildFile; fileRef = 623AA75F265B64580014AC9B /* EditView.swift */; };
		623AA762265C23090014AC9B /* MeetingHeaderView.swift in Sources */ = {isa = PBXBuildFile; fileRef = 623AA761265C23090014AC9B /* MeetingHeaderView.swift */; };
		623AA764265C2A190014AC9B /* ScrumProgressViewStyle.swift in Sources */ = {isa = PBXBuildFile; fileRef = 623AA763265C2A190014AC9B /* ScrumProgressViewStyle.swift */; };
		623AA766265C2BBE0014AC9B /* ScrumTimer.swift in Sources */ = {isa = PBXBuildFile; fileRef = 623AA765265C2BBE0014AC9B /* ScrumTimer.swift */; };
		623AA768265C2F480014AC9B /* MeetingFooterView.swift in Sources */ = {isa = PBXBuildFile; fileRef = 623AA767265C2F480014AC9B /* MeetingFooterView.swift */; };
		623AA76B265C333F0014AC9B /* ding.wav in Resources */ = {isa = PBXBuildFile; fileRef = 623AA76A265C333F0014AC9B /* ding.wav */; };
		623AA76D265C338D0014AC9B /* AVPlayer+Ding.swift in Sources */ = {isa = PBXBuildFile; fileRef = 623AA76C265C338D0014AC9B /* AVPlayer+Ding.swift */; };
		623AA76F265C34FC0014AC9B /* History.swift in Sources */ = {isa = PBXBuildFile; fileRef = 623AA76E265C34FC0014AC9B /* History.swift */; };
		623AA771265C3BBA0014AC9B /* ScrumData.swift in Sources */ = {isa = PBXBuildFile; fileRef = 623AA770265C3BBA0014AC9B /* ScrumData.swift */; };
/* End PBXBuildFile section */

/* Begin PBXFileReference section */
		623AA741265A0F690014AC9B /* Scrumdinger.app */ = {isa = PBXFileReference; explicitFileType = wrapper.application; includeInIndex = 0; path = Scrumdinger.app; sourceTree = BUILT_PRODUCTS_DIR; };
		623AA744265A0F690014AC9B /* ScrumdingerApp.swift */ = {isa = PBXFileReference; lastKnownFileType = sourcecode.swift; path = ScrumdingerApp.swift; sourceTree = "<group>"; };
		623AA746265A0F690014AC9B /* MeetingView.swift */ = {isa = PBXFileReference; lastKnownFileType = sourcecode.swift; path = MeetingView.swift; sourceTree = "<group>"; };
		623AA748265A0F6A0014AC9B /* Assets.xcassets */ = {isa = PBXFileReference; lastKnownFileType = folder.assetcatalog; path = Assets.xcassets; sourceTree = "<group>"; };
		623AA74B265A0F6A0014AC9B /* Preview Assets.xcassets */ = {isa = PBXFileReference; lastKnownFileType = folder.assetcatalog; path = "Preview Assets.xcassets"; sourceTree = "<group>"; };
		623AA74D265A0F6A0014AC9B /* Info.plist */ = {isa = PBXFileReference; lastKnownFileType = text.plist.xml; path = Info.plist; sourceTree = "<group>"; };
		623AA754265A1A660014AC9B /* DailyScrum.swift */ = {isa = PBXFileReference; lastKnownFileType = sourcecode.swift; path = DailyScrum.swift; sourceTree = "<group>"; };
		623AA756265A1AF70014AC9B /* CardView.swift */ = {isa = PBXFileReference; lastKnownFileType = sourcecode.swift; path = CardView.swift; sourceTree = "<group>"; };
		623AA758265AAFFE0014AC9B /* ScrumsView.swift */ = {isa = PBXFileReference; lastKnownFileType = sourcecode.swift; path = ScrumsView.swift; sourceTree = "<group>"; };
		623AA75A265AB3440014AC9B /* Color+Codable.swift */ = {isa = PBXFileReference; fileEncoding = 4; lastKnownFileType = sourcecode.swift; path = "Color+Codable.swift"; sourceTree = "<group>"; };
		623AA75C265AE7320014AC9B /* DetailView.swift */ = {isa = PBXFileReference; lastKnownFileType = sourcecode.swift; path = DetailView.swift; sourceTree = "<group>"; };
		623AA75F265B64580014AC9B /* EditView.swift */ = {isa = PBXFileReference; lastKnownFileType = sourcecode.swift; path = EditView.swift; sourceTree = "<group>"; };
		623AA761265C23090014AC9B /* MeetingHeaderView.swift */ = {isa = PBXFileReference; lastKnownFileType = sourcecode.swift; path = MeetingHeaderView.swift; sourceTree = "<group>"; };
		623AA763265C2A190014AC9B /* ScrumProgressViewStyle.swift */ = {isa = PBXFileReference; fileEncoding = 4; lastKnownFileType = sourcecode.swift; path = ScrumProgressViewStyle.swift; sourceTree = "<group>"; };
		623AA765265C2BBE0014AC9B /* ScrumTimer.swift */ = {isa = PBXFileReference; fileEncoding = 4; lastKnownFileType = sourcecode.swift; path = ScrumTimer.swift; sourceTree = "<group>"; };
		623AA767265C2F480014AC9B /* MeetingFooterView.swift */ = {isa = PBXFileReference; lastKnownFileType = sourcecode.swift; path = MeetingFooterView.swift; sourceTree = "<group>"; };
		623AA76A265C333F0014AC9B /* ding.wav */ = {isa = PBXFileReference; lastKnownFileType = audio.wav; path = ding.wav; sourceTree = "<group>"; };
		623AA76C265C338D0014AC9B /* AVPlayer+Ding.swift */ = {isa = PBXFileReference; fileEncoding = 4; lastKnownFileType = sourcecode.swift; path = "AVPlayer+Ding.swift"; sourceTree = "<group>"; };
		623AA76E265C34FC0014AC9B /* History.swift */ = {isa = PBXFileReference; fileEncoding = 4; lastKnownFileType = sourcecode.swift; path = History.swift; sourceTree = "<group>"; };
		623AA770265C3BBA0014AC9B /* ScrumData.swift */ = {isa = PBXFileReference; lastKnownFileType = sourcecode.swift; path = ScrumData.swift; sourceTree = "<group>"; };
/* End PBXFileReference section */

/* Begin PBXFrameworksBuildPhase section */
		623AA73E265A0F690014AC9B /* Frameworks */ = {
			isa = PBXFrameworksBuildPhase;
			buildActionMask = 2147483647;
			files = (
			);
			runOnlyForDeploymentPostprocessing = 0;
		};
/* End PBXFrameworksBuildPhase section */

/* Begin PBXGroup section */
		623AA738265A0F690014AC9B = {
			isa = PBXGroup;
			children = (
				623AA743265A0F690014AC9B /* Scrumdinger */,
				623AA742265A0F690014AC9B /* Products */,
			);
			sourceTree = "<group>";
		};
		623AA742265A0F690014AC9B /* Products */ = {
			isa = PBXGroup;
			children = (
				623AA741265A0F690014AC9B /* Scrumdinger.app */,
			);
			name = Products;
			sourceTree = "<group>";
		};
		623AA743265A0F690014AC9B /* Scrumdinger */ = {
			isa = PBXGroup;
			children = (
				623AA769265C32C80014AC9B /* resources */,
				623AA75E265B63F00014AC9B /* views */,
				623AA753265A1A4E0014AC9B /* models */,
				623AA744265A0F690014AC9B /* ScrumdingerApp.swift */,
				623AA748265A0F6A0014AC9B /* Assets.xcassets */,
				623AA74D265A0F6A0014AC9B /* Info.plist */,
				623AA74A265A0F6A0014AC9B /* Preview Content */,
			);
			path = Scrumdinger;
			sourceTree = "<group>";
		};
		623AA74A265A0F6A0014AC9B /* Preview Content */ = {
			isa = PBXGroup;
			children = (
				623AA74B265A0F6A0014AC9B /* Preview Assets.xcassets */,
			);
			path = "Preview Content";
			sourceTree = "<group>";
		};
		623AA753265A1A4E0014AC9B /* models */ = {
			isa = PBXGroup;
			children = (
				623AA76C265C338D0014AC9B /* AVPlayer+Ding.swift */,
				623AA75A265AB3440014AC9B /* Color+Codable.swift */,
				623AA754265A1A660014AC9B /* DailyScrum.swift */,
				623AA76E265C34FC0014AC9B /* History.swift */,
				623AA765265C2BBE0014AC9B /* ScrumTimer.swift */,
				623AA770265C3BBA0014AC9B /* ScrumData.swift */,
			);
			path = models;
			sourceTree = "<group>";
		};
		623AA75E265B63F00014AC9B /* views */ = {
			isa = PBXGroup;
			children = (
				623AA756265A1AF70014AC9B /* CardView.swift */,
				623AA75C265AE7320014AC9B /* DetailView.swift */,
				623AA75F265B64580014AC9B /* EditView.swift */,
				623AA767265C2F480014AC9B /* MeetingFooterView.swift */,
				623AA761265C23090014AC9B /* MeetingHeaderView.swift */,
				623AA746265A0F690014AC9B /* MeetingView.swift */,
				623AA763265C2A190014AC9B /* ScrumProgressViewStyle.swift */,
				623AA758265AAFFE0014AC9B /* ScrumsView.swift */,
			);
			path = views;
			sourceTree = "<group>";
		};
		623AA769265C32C80014AC9B /* resources */ = {
			isa = PBXGroup;
			children = (
				623AA76A265C333F0014AC9B /* ding.wav */,
			);
			path = resources;
			sourceTree = "<group>";
		};
/* End PBXGroup section */

/* Begin PBXNativeTarget section */
		623AA740265A0F690014AC9B /* Scrumdinger */ = {
			isa = PBXNativeTarget;
			buildConfigurationList = 623AA750265A0F6A0014AC9B /* Build configuration list for PBXNativeTarget "Scrumdinger" */;
			buildPhases = (
				623AA73D265A0F690014AC9B /* Sources */,
				623AA73E265A0F690014AC9B /* Frameworks */,
				623AA73F265A0F690014AC9B /* Resources */,
			);
			buildRules = (
			);
			dependencies = (
			);
			name = Scrumdinger;
			productName = Scrumdinger;
			productReference = 623AA741265A0F690014AC9B /* Scrumdinger.app */;
			productType = "com.apple.product-type.application";
		};
/* End PBXNativeTarget section */

/* Begin PBXProject section */
		623AA739265A0F690014AC9B /* Project object */ = {
			isa = PBXProject;
			attributes = {
				LastSwiftUpdateCheck = 1250;
				LastUpgradeCheck = 1250;
				TargetAttributes = {
					623AA740265A0F690014AC9B = {
						CreatedOnToolsVersion = 12.5;
					};
				};
			};
			buildConfigurationList = 623AA73C265A0F690014AC9B /* Build configuration list for PBXProject "Scrumdinger" */;
			compatibilityVersion = "Xcode 9.3";
			developmentRegion = en;
			hasScannedForEncodings = 0;
			knownRegions = (
				en,
				Base,
			);
			mainGroup = 623AA738265A0F690014AC9B;
			productRefGroup = 623AA742265A0F690014AC9B /* Products */;
			projectDirPath = "";
			projectRoot = "";
			targets = (
				623AA740265A0F690014AC9B /* Scrumdinger */,
			);
		};
/* End PBXProject section */

/* Begin PBXResourcesBuildPhase section */
		623AA73F265A0F690014AC9B /* Resources */ = {
			isa = PBXResourcesBuildPhase;
			buildActionMask = 2147483647;
			files = (
				623AA76B265C333F0014AC9B /* ding.wav in Resources */,
				623AA74C265A0F6A0014AC9B /* Preview Assets.xcassets in Resources */,
				623AA749265A0F6A0014AC9B /* Assets.xcassets in Resources */,
			);
			runOnlyForDeploymentPostprocessing = 0;
		};
/* End PBXResourcesBuildPhase section */

/* Begin PBXSourcesBuildPhase section */
		623AA73D265A0F690014AC9B /* Sources */ = {
			isa = PBXSourcesBuildPhase;
			buildActionMask = 2147483647;
			files = (
				623AA747265A0F690014AC9B /* MeetingView.swift in Sources */,
				623AA755265A1A660014AC9B /* DailyScrum.swift in Sources */,
				623AA76F265C34FC0014AC9B /* History.swift in Sources */,
				623AA760265B64580014AC9B /* EditView.swift in Sources */,
				623AA76D265C338D0014AC9B /* AVPlayer+Ding.swift in Sources */,
				623AA771265C3BBA0014AC9B /* ScrumData.swift in Sources */,
				623AA762265C23090014AC9B /* MeetingHeaderView.swift in Sources */,
				623AA757265A1AF70014AC9B /* CardView.swift in Sources */,
				623AA768265C2F480014AC9B /* MeetingFooterView.swift in Sources */,
				623AA75D265AE7320014AC9B /* DetailView.swift in Sources */,
				623AA766265C2BBE0014AC9B /* ScrumTimer.swift in Sources */,
				623AA759265AAFFE0014AC9B /* ScrumsView.swift in Sources */,
				623AA75B265AB3440014AC9B /* Color+Codable.swift in Sources */,
				623AA764265C2A190014AC9B /* ScrumProgressViewStyle.swift in Sources */,
				623AA745265A0F690014AC9B /* ScrumdingerApp.swift in Sources */,
			);
			runOnlyForDeploymentPostprocessing = 0;
		};
/* End PBXSourcesBuildPhase section */

/* Begin XCBuildConfiguration section */
		623AA74E265A0F6A0014AC9B /* Debug */ = {
			isa = XCBuildConfiguration;
			buildSettings = {
				ALWAYS_SEARCH_USER_PATHS = NO;
				CLANG_ANALYZER_NONNULL = YES;
				CLANG_ANALYZER_NUMBER_OBJECT_CONVERSION = YES_AGGRESSIVE;
				CLANG_CXX_LANGUAGE_STANDARD = "gnu++14";
				CLANG_CXX_LIBRARY = "libc++";
				CLANG_ENABLE_MODULES = YES;
				CLANG_ENABLE_OBJC_ARC = YES;
				CLANG_ENABLE_OBJC_WEAK = YES;
				CLANG_WARN_BLOCK_CAPTURE_AUTORELEASING = YES;
				CLANG_WARN_BOOL_CONVERSION = YES;
				CLANG_WARN_COMMA = YES;
				CLANG_WARN_CONSTANT_CONVERSION = YES;
				CLANG_WARN_DEPRECATED_OBJC_IMPLEMENTATIONS = YES;
				CLANG_WARN_DIRECT_OBJC_ISA_USAGE = YES_ERROR;
				CLANG_WARN_DOCUMENTATION_COMMENTS = YES;
				CLANG_WARN_EMPTY_BODY = YES;
				CLANG_WARN_ENUM_CONVERSION = YES;
				CLANG_WARN_INFINITE_RECURSION = YES;
				CLANG_WARN_INT_CONVERSION = YES;
				CLANG_WARN_NON_LITERAL_NULL_CONVERSION = YES;
				CLANG_WARN_OBJC_IMPLICIT_RETAIN_SELF = YES;
				CLANG_WARN_OBJC_LITERAL_CONVERSION = YES;
				CLANG_WARN_OBJC_ROOT_CLASS = YES_ERROR;
				CLANG_WARN_QUOTED_INCLUDE_IN_FRAMEWORK_HEADER = YES;
				CLANG_WARN_RANGE_LOOP_ANALYSIS = YES;
				CLANG_WARN_STRICT_PROTOTYPES = YES;
				CLANG_WARN_SUSPICIOUS_MOVE = YES;
				CLANG_WARN_UNGUARDED_AVAILABILITY = YES_AGGRESSIVE;
				CLANG_WARN_UNREACHABLE_CODE = YES;
				CLANG_WARN__DUPLICATE_METHOD_MATCH = YES;
				COPY_PHASE_STRIP = NO;
				DEBUG_INFORMATION_FORMAT = dwarf;
				ENABLE_STRICT_OBJC_MSGSEND = YES;
				ENABLE_TESTABILITY = YES;
				GCC_C_LANGUAGE_STANDARD = gnu11;
				GCC_DYNAMIC_NO_PIC = NO;
				GCC_NO_COMMON_BLOCKS = YES;
				GCC_OPTIMIZATION_LEVEL = 0;
				GCC_PREPROCESSOR_DEFINITIONS = (
					"DEBUG=1",
					"$(inherited)",
				);
				GCC_WARN_64_TO_32_BIT_CONVERSION = YES;
				GCC_WARN_ABOUT_RETURN_TYPE = YES_ERROR;
				GCC_WARN_UNDECLARED_SELECTOR = YES;
				GCC_WARN_UNINITIALIZED_AUTOS = YES_AGGRESSIVE;
				GCC_WARN_UNUSED_FUNCTION = YES;
				GCC_WARN_UNUSED_VARIABLE = YES;
				IPHONEOS_DEPLOYMENT_TARGET = 14.5;
				MTL_ENABLE_DEBUG_INFO = INCLUDE_SOURCE;
				MTL_FAST_MATH = YES;
				ONLY_ACTIVE_ARCH = YES;
				SDKROOT = iphoneos;
				SWIFT_ACTIVE_COMPILATION_CONDITIONS = DEBUG;
				SWIFT_OPTIMIZATION_LEVEL = "-Onone";
			};
			name = Debug;
		};
		623AA74F265A0F6A0014AC9B /* Release */ = {
			isa = XCBuildConfiguration;
			buildSettings = {
				ALWAYS_SEARCH_USER_PATHS = NO;
				CLANG_ANALYZER_NONNULL = YES;
				CLANG_ANALYZER_NUMBER_OBJECT_CONVERSION = YES_AGGRESSIVE;
				CLANG_CXX_LANGUAGE_STANDARD = "gnu++14";
				CLANG_CXX_LIBRARY = "libc++";
				CLANG_ENABLE_MODULES = YES;
				CLANG_ENABLE_OBJC_ARC = YES;
				CLANG_ENABLE_OBJC_WEAK = YES;
				CLANG_WARN_BLOCK_CAPTURE_AUTORELEASING = YES;
				CLANG_WARN_BOOL_CONVERSION = YES;
				CLANG_WARN_COMMA = YES;
				CLANG_WARN_CONSTANT_CONVERSION = YES;
				CLANG_WARN_DEPRECATED_OBJC_IMPLEMENTATIONS = YES;
				CLANG_WARN_DIRECT_OBJC_ISA_USAGE = YES_ERROR;
				CLANG_WARN_DOCUMENTATION_COMMENTS = YES;
				CLANG_WARN_EMPTY_BODY = YES;
				CLANG_WARN_ENUM_CONVERSION = YES;
				CLANG_WARN_INFINITE_RECURSION = YES;
				CLANG_WARN_INT_CONVERSION = YES;
				CLANG_WARN_NON_LITERAL_NULL_CONVERSION = YES;
				CLANG_WARN_OBJC_IMPLICIT_RETAIN_SELF = YES;
				CLANG_WARN_OBJC_LITERAL_CONVERSION = YES;
				CLANG_WARN_OBJC_ROOT_CLASS = YES_ERROR;
				CLANG_WARN_QUOTED_INCLUDE_IN_FRAMEWORK_HEADER = YES;
				CLANG_WARN_RANGE_LOOP_ANALYSIS = YES;
				CLANG_WARN_STRICT_PROTOTYPES = YES;
				CLANG_WARN_SUSPICIOUS_MOVE = YES;
				CLANG_WARN_UNGUARDED_AVAILABILITY = YES_AGGRESSIVE;
				CLANG_WARN_UNREACHABLE_CODE = YES;
				CLANG_WARN__DUPLICATE_METHOD_MATCH = YES;
				COPY_PHASE_STRIP = NO;
				DEBUG_INFORMATION_FORMAT = "dwarf-with-dsym";
				ENABLE_NS_ASSERTIONS = NO;
				ENABLE_STRICT_OBJC_MSGSEND = YES;
				GCC_C_LANGUAGE_STANDARD = gnu11;
				GCC_NO_COMMON_BLOCKS = YES;
				GCC_WARN_64_TO_32_BIT_CONVERSION = YES;
				GCC_WARN_ABOUT_RETURN_TYPE = YES_ERROR;
				GCC_WARN_UNDECLARED_SELECTOR = YES;
				GCC_WARN_UNINITIALIZED_AUTOS = YES_AGGRESSIVE;
				GCC_WARN_UNUSED_FUNCTION = YES;
				GCC_WARN_UNUSED_VARIABLE = YES;
				IPHONEOS_DEPLOYMENT_TARGET = 14.5;
				MTL_ENABLE_DEBUG_INFO = NO;
				MTL_FAST_MATH = YES;
				SDKROOT = iphoneos;
				SWIFT_COMPILATION_MODE = wholemodule;
				SWIFT_OPTIMIZATION_LEVEL = "-O";
				VALIDATE_PRODUCT = YES;
			};
			name = Release;
		};
		623AA751265A0F6A0014AC9B /* Debug */ = {
			isa = XCBuildConfiguration;
			buildSettings = {
				ASSETCATALOG_COMPILER_APPICON_NAME = AppIcon;
				ASSETCATALOG_COMPILER_GLOBAL_ACCENT_COLOR_NAME = AccentColor;
				CODE_SIGN_STYLE = Automatic;
				DEVELOPMENT_ASSET_PATHS = "\"Scrumdinger/Preview Content\"";
				DEVELOPMENT_TEAM = YKJQ4AS4DT;
				ENABLE_PREVIEWS = YES;
				INFOPLIST_FILE = Scrumdinger/Info.plist;
				IPHONEOS_DEPLOYMENT_TARGET = 14.0;
				LD_RUNPATH_SEARCH_PATHS = (
					"$(inherited)",
					"@executable_path/Frameworks",
				);
				PRODUCT_BUNDLE_IDENTIFIER = com.corith.Scrumdinger;
				PRODUCT_NAME = "$(TARGET_NAME)";
				SWIFT_VERSION = 5.0;
				TARGETED_DEVICE_FAMILY = "1,2";
			};
			name = Debug;
		};
		623AA752265A0F6A0014AC9B /* Release */ = {
			isa = XCBuildConfiguration;
			buildSettings = {
				ASSETCATALOG_COMPILER_APPICON_NAME = AppIcon;
				ASSETCATALOG_COMPILER_GLOBAL_ACCENT_COLOR_NAME = AccentColor;
				CODE_SIGN_STYLE = Automatic;
				DEVELOPMENT_ASSET_PATHS = "\"Scrumdinger/Preview Content\"";
				DEVELOPMENT_TEAM = YKJQ4AS4DT;
				ENABLE_PREVIEWS = YES;
				INFOPLIST_FILE = Scrumdinger/Info.plist;
				IPHONEOS_DEPLOYMENT_TARGET = 14.0;
				LD_RUNPATH_SEARCH_PATHS = (
					"$(inherited)",
					"@executable_path/Frameworks",
				);
				PRODUCT_BUNDLE_IDENTIFIER = com.corith.Scrumdinger;
				PRODUCT_NAME = "$(TARGET_NAME)";
				SWIFT_VERSION = 5.0;
				TARGETED_DEVICE_FAMILY = "1,2";
			};
			name = Release;
		};
/* End XCBuildConfiguration section */

/* Begin XCConfigurationList section */
		623AA73C265A0F690014AC9B /* Build configuration list for PBXProject "Scrumdinger" */ = {
			isa = XCConfigurationList;
			buildConfigurations = (
				623AA74E265A0F6A0014AC9B /* Debug */,
				623AA74F265A0F6A0014AC9B /* Release */,
			);
			defaultConfigurationIsVisible = 0;
			defaultConfigurationName = Release;
		};
		623AA750265A0F6A0014AC9B /* Build configuration list for PBXNativeTarget "Scrumdinger" */ = {
			isa = XCConfigurationList;
			buildConfigurations = (
				623AA751265A0F6A0014AC9B /* Debug */,
				623AA752265A0F6A0014AC9B /* Release */,
			);
			defaultConfigurationIsVisible = 0;
			defaultConfigurationName = Release;
		};
/* End XCConfigurationList section */
	};
	rootObject = 623AA739265A0F690014AC9B /* Project object */;
}
